
Microsoft Visual Studio Solution File, Format Version 12.00
# Visual Studio Version 16
VisualStudioVersion = 16.0.30907.101
MinimumVisualStudioVersion = 10.0.40219.1
Project("{FAE04EC0-301F-11D3-BF4B-00C04F79EFBC}") = "SPMTool", "SPMTool\SPMTool.csproj", "{25CFFFC7-0EA2-4774-8125-F594D5E51E2A}"
EndProject
Global
	GlobalSection(SolutionConfigurationPlatforms) = preSolution
		Debug|Any CPU = Debug|Any CPU
		Release|Any CPU = Release|Any CPU
	EndGlobalSection
	GlobalSection(ProjectConfigurationPlatforms) = postSolution
		{25CFFFC7-0EA2-4774-8125-F594D5E51E2A}.Debug|Any CPU.ActiveCfg = Debug|Any CPU
		{25CFFFC7-0EA2-4774-8125-F594D5E51E2A}.Debug|Any CPU.Build.0 = Debug|Any CPU
		{25CFFFC7-0EA2-4774-8125-F594D5E51E2A}.Release|Any CPU.ActiveCfg = Release|Any CPU
		{25CFFFC7-0EA2-4774-8125-F594D5E51E2A}.Release|Any CPU.Build.0 = Release|Any CPU
	EndGlobalSection
	GlobalSection(SolutionProperties) = preSolution
		HideSolutionNode = FALSE
	EndGlobalSection
	GlobalSection(ExtensibilityGlobals) = postSolution
		SolutionGuid = {3509B988-2A45-4816-8FA0-E07898246EDF}
	EndGlobalSection
EndGlobal
